{
  "name": "rss",
  "version": "1.0.0",
  "lockfileVersion": 2,
  "requires": true,
  "packages": {
    "": {
      "name": "rss",
      "version": "1.0.0",
      "license": "ISC",
      "dependencies": {
        "axios": "^1.6.2",
        "rss-parser": "^3.13.0",
        "xml2js": "^0.6.2"
      }
    },
    "node_modules/_asynckit@0.4.0@asynckit": {
      "name": "asynckit",
      "version": "0.4.0",
      "license": "MIT"
    },
    "node_modules/_axios@1.6.2@axios": {
      "name": "axios",
      "version": "1.6.2",
      "license": "MIT",
      "dependencies": {
        "follow-redirects": "^1.15.0",
        "form-data": "^4.0.0",
        "proxy-from-env": "^1.1.0"
      }
    },
    "node_modules/_axios@1.6.2@axios/node_modules/follow-redirects": {
      "resolved": "node_modules/_follow-redirects@1.15.3@follow-redirects",
      "link": true
    },
    "node_modules/_axios@1.6.2@axios/node_modules/form-data": {
      "resolved": "node_modules/_form-data@4.0.0@form-data",
      "link": true
    },
    "node_modules/_axios@1.6.2@axios/node_modules/proxy-from-env": {
      "resolved": "node_modules/_proxy-from-env@1.1.0@proxy-from-env",
      "link": true
    },
    "node_modules/_combined-stream@1.0.8@combined-stream": {
      "name": "combined-stream",
      "version": "1.0.8",
      "license": "MIT",
      "dependencies": {
        "delayed-stream": "~1.0.0"
      },
      "engines": {
        "node": ">= 0.8"
      }
    },
    "node_modules/_combined-stream@1.0.8@combined-stream/node_modules/delayed-stream": {
      "resolved": "node_modules/_delayed-stream@1.0.0@delayed-stream",
      "link": true
    },
    "node_modules/_delayed-stream@1.0.0@delayed-stream": {
      "name": "delayed-stream",
      "version": "1.0.0",
      "license": "MIT",
      "engines": {
        "node": ">=0.4.0"
      }
    },
    "node_modules/_follow-redirects@1.15.3@follow-redirects": {
      "name": "follow-redirects",
      "version": "1.15.3",
      "funding": [
        {
          "type": "individual",
          "url": "https://github.com/sponsors/RubenVerborgh"
        }
      ],
      "license": "MIT",
      "engines": {
        "node": ">=4.0"
      },
      "peerDependenciesMeta": {
        "debug": {
          "optional": true
        }
      }
    },
    "node_modules/_form-data@4.0.0@form-data": {
      "name": "form-data",
      "version": "4.0.0",
      "license": "MIT",
      "dependencies": {
        "asynckit": "^0.4.0",
        "combined-stream": "^1.0.8",
        "mime-types": "^2.1.12"
      },
      "engines": {
        "node": ">= 6"
      }
    },
    "node_modules/_form-data@4.0.0@form-data/node_modules/asynckit": {
      "resolved": "node_modules/_asynckit@0.4.0@asynckit",
      "link": true
    },
    "node_modules/_form-data@4.0.0@form-data/node_modules/combined-stream": {
      "resolved": "node_modules/_combined-stream@1.0.8@combined-stream",
      "link": true
    },
    "node_modules/_form-data@4.0.0@form-data/node_modules/mime-types": {
      "resolved": "node_modules/_mime-types@2.1.35@mime-types",
      "link": true
    },
    "node_modules/_mime-db@1.52.0@mime-db": {
      "name": "mime-db",
      "version": "1.52.0",
      "license": "MIT",
      "engines": {
        "node": ">= 0.6"
      }
    },
    "node_modules/_mime-types@2.1.35@mime-types": {
      "name": "mime-types",
      "version": "2.1.35",
      "license": "MIT",
      "dependencies": {
        "mime-db": "1.52.0"
      },
      "engines": {
        "node": ">= 0.6"
      }
    },
    "node_modules/_mime-types@2.1.35@mime-types/node_modules/mime-db": {
      "resolved": "node_modules/_mime-db@1.52.0@mime-db",
      "link": true
    },
    "node_modules/_proxy-from-env@1.1.0@proxy-from-env": {
      "name": "proxy-from-env",
      "version": "1.1.0",
      "license": "MIT"
    },
    "node_modules/_sax@1.3.0@sax": {
      "name": "sax",
      "version": "1.3.0",
      "license": "ISC"
    },
    "node_modules/_xml2js@0.6.2@xml2js": {
      "name": "xml2js",
      "version": "0.6.2",
      "license": "MIT",
      "dependencies": {
        "sax": ">=0.6.0",
        "xmlbuilder": "~11.0.0"
      },
      "engines": {
        "node": ">=4.0.0"
      }
    },
    "node_modules/_xml2js@0.6.2@xml2js/node_modules/sax": {
      "resolved": "node_modules/_sax@1.3.0@sax",
      "link": true
    },
    "node_modules/_xml2js@0.6.2@xml2js/node_modules/xmlbuilder": {
      "resolved": "node_modules/_xmlbuilder@11.0.1@xmlbuilder",
      "link": true
    },
    "node_modules/_xmlbuilder@11.0.1@xmlbuilder": {
      "name": "xmlbuilder",
      "version": "11.0.1",
      "license": "MIT",
      "engines": {
        "node": ">=4.0"
      }
    },
    "node_modules/axios": {
      "resolved": "node_modules/_axios@1.6.2@axios",
      "link": true
    },
    "node_modules/entities": {
      "version": "2.2.0",
      "resolved": "https://registry.npmjs.org/entities/-/entities-2.2.0.tgz",
      "integrity": "sha512-p92if5Nz619I0w+akJrLZH0MX0Pb5DX39XOwQTtXSdQQOaYH03S1uIQp4mhOZtAXrxq4ViO67YTiLBo2638o9A==",
      "funding": {
        "url": "https://github.com/fb55/entities?sponsor=1"
      }
    },
    "node_modules/rss-parser": {
      "version": "3.13.0",
      "resolved": "https://registry.npmjs.org/rss-parser/-/rss-parser-3.13.0.tgz",
      "integrity": "sha512-7jWUBV5yGN3rqMMj7CZufl/291QAhvrrGpDNE4k/02ZchL0npisiYYqULF71jCEKoIiHvK/Q2e6IkDwPziT7+w==",
      "dependencies": {
        "entities": "^2.0.3",
        "xml2js": "^0.5.0"
      }
    },
    "node_modules/rss-parser/node_modules/xml2js": {
      "version": "0.5.0",
      "resolved": "https://registry.npmjs.org/xml2js/-/xml2js-0.5.0.tgz",
      "integrity": "sha512-drPFnkQJik/O+uPKpqSgr22mpuFHqKdbS835iAQrUC73L2F5WkboIRd63ai/2Yg6I1jzifPFKH2NTK+cfglkIA==",
      "dependencies": {
        "sax": ">=0.6.0",
        "xmlbuilder": "~11.0.0"
      },
      "engines": {
        "node": ">=4.0.0"
      }
    },
    "node_modules/sax": {
      "resolved": "node_modules/_sax@1.3.0@sax",
      "link": true
    },
    "node_modules/xml2js": {
      "resolved": "node_modules/_xml2js@0.6.2@xml2js",
      "link": true
    },
    "node_modules/xmlbuilder": {
      "resolved": "node_modules/_xmlbuilder@11.0.1@xmlbuilder",
      "link": true
    }
  },
  "dependencies": {
    "_asynckit@0.4.0@asynckit": {
      "version": "npm:asynckit@0.4.0"
    },
    "_axios@1.6.2@axios": {
      "version": "npm:axios@1.6.2",
      "requires": {
        "follow-redirects": "^1.15.0",
        "form-data": "^4.0.0",
        "proxy-from-env": "^1.1.0"
      },
      "dependencies": {
        "follow-redirects": {
          "version": "file:node_modules/_follow-redirects@1.15.3@follow-redirects"
        },
        "form-data": {
          "version": "file:node_modules/_form-data@4.0.0@form-data",
          "requires": {
            "asynckit": "^0.4.0",
            "combined-stream": "^1.0.8",
            "mime-types": "^2.1.12"
          },
          "dependencies": {
            "asynckit": {
              "version": "file:node_modules/_asynckit@0.4.0@asynckit"
            },
            "combined-stream": {
              "version": "file:node_modules/_combined-stream@1.0.8@combined-stream",
              "requires": {
                "delayed-stream": "~1.0.0"
              },
              "dependencies": {
                "delayed-stream": {
                  "version": "file:node_modules/_delayed-stream@1.0.0@delayed-stream"
                }
              }
            },
            "mime-types": {
              "version": "file:node_modules/_mime-types@2.1.35@mime-types",
              "requires": {
                "mime-db": "1.52.0"
              },
              "dependencies": {
                "mime-db": {
                  "version": "file:node_modules/_mime-db@1.52.0@mime-db"
                }
              }
            }
          }
        },
        "proxy-from-env": {
          "version": "file:node_modules/_proxy-from-env@1.1.0@proxy-from-env"
        }
      }
    },
    "_combined-stream@1.0.8@combined-stream": {
      "version": "npm:combined-stream@1.0.8",
      "requires": {
        "delayed-stream": "~1.0.0"
      },
      "dependencies": {
        "delayed-stream": {
          "version": "file:node_modules/_delayed-stream@1.0.0@delayed-stream"
        }
      }
    },
    "_delayed-stream@1.0.0@delayed-stream": {
      "version": "npm:delayed-stream@1.0.0"
    },
    "_follow-redirects@1.15.3@follow-redirects": {
      "version": "npm:follow-redirects@1.15.3"
    },
    "_form-data@4.0.0@form-data": {
      "version": "npm:form-data@4.0.0",
      "requires": {
        "asynckit": "^0.4.0",
        "combined-stream": "^1.0.8",
        "mime-types": "^2.1.12"
      },
      "dependencies": {
        "asynckit": {
          "version": "file:node_modules/_asynckit@0.4.0@asynckit"
        },
        "combined-stream": {
          "version": "file:node_modules/_combined-stream@1.0.8@combined-stream",
          "requires": {
            "delayed-stream": "~1.0.0"
          },
          "dependencies": {
            "delayed-stream": {
              "version": "file:node_modules/_delayed-stream@1.0.0@delayed-stream"
            }
          }
        },
        "mime-types": {
          "version": "file:node_modules/_mime-types@2.1.35@mime-types",
          "requires": {
            "mime-db": "1.52.0"
          },
          "dependencies": {
            "mime-db": {
              "version": "file:node_modules/_mime-db@1.52.0@mime-db"
            }
          }
        }
      }
    },
    "_mime-db@1.52.0@mime-db": {
      "version": "npm:mime-db@1.52.0"
    },
    "_mime-types@2.1.35@mime-types": {
      "version": "npm:mime-types@2.1.35",
      "requires": {
        "mime-db": "1.52.0"
      },
      "dependencies": {
        "mime-db": {
          "version": "file:node_modules/_mime-db@1.52.0@mime-db"
        }
      }
    },
    "_proxy-from-env@1.1.0@proxy-from-env": {
      "version": "npm:proxy-from-env@1.1.0"
    },
    "_sax@1.3.0@sax": {
      "version": "npm:sax@1.3.0"
    },
    "_xml2js@0.6.2@xml2js": {
      "version": "npm:xml2js@0.6.2",
      "requires": {
        "sax": ">=0.6.0",
        "xmlbuilder": "~11.0.0"
      },
      "dependencies": {
        "sax": {
          "version": "file:node_modules/_sax@1.3.0@sax"
        },
        "xmlbuilder": {
          "version": "file:node_modules/_xmlbuilder@11.0.1@xmlbuilder"
        }
      }
    },
    "_xmlbuilder@11.0.1@xmlbuilder": {
      "version": "npm:xmlbuilder@11.0.1"
    },
    "axios": {
      "version": "file:node_modules/_axios@1.6.2@axios",
      "requires": {
        "follow-redirects": "^1.15.0",
        "form-data": "^4.0.0",
        "proxy-from-env": "^1.1.0"
      },
      "dependencies": {
        "follow-redirects": {
          "version": "file:node_modules/_follow-redirects@1.15.3@follow-redirects"
        },
        "form-data": {
          "version": "file:node_modules/_form-data@4.0.0@form-data",
          "requires": {
            "asynckit": "^0.4.0",
            "combined-stream": "^1.0.8",
            "mime-types": "^2.1.12"
          },
          "dependencies": {
            "asynckit": {
              "version": "file:node_modules/_asynckit@0.4.0@asynckit"
            },
            "combined-stream": {
              "version": "file:node_modules/_combined-stream@1.0.8@combined-stream",
              "requires": {
                "delayed-stream": "~1.0.0"
              },
              "dependencies": {
                "delayed-stream": {
                  "version": "file:node_modules/_delayed-stream@1.0.0@delayed-stream"
                }
              }
            },
            "mime-types": {
              "version": "file:node_modules/_mime-types@2.1.35@mime-types",
              "requires": {
                "mime-db": "1.52.0"
              },
              "dependencies": {
                "mime-db": {
                  "version": "file:node_modules/_mime-db@1.52.0@mime-db"
                }
              }
            }
          }
        },
        "proxy-from-env": {
          "version": "file:node_modules/_proxy-from-env@1.1.0@proxy-from-env"
        }
      }
    },
    "entities": {
      "version": "2.2.0",
      "resolved": "https://registry.npmjs.org/entities/-/entities-2.2.0.tgz",
      "integrity": "sha512-p92if5Nz619I0w+akJrLZH0MX0Pb5DX39XOwQTtXSdQQOaYH03S1uIQp4mhOZtAXrxq4ViO67YTiLBo2638o9A=="
    },
    "rss-parser": {
      "version": "3.13.0",
      "resolved": "https://registry.npmjs.org/rss-parser/-/rss-parser-3.13.0.tgz",
      "integrity": "sha512-7jWUBV5yGN3rqMMj7CZufl/291QAhvrrGpDNE4k/02ZchL0npisiYYqULF71jCEKoIiHvK/Q2e6IkDwPziT7+w==",
      "requires": {
        "entities": "^2.0.3",
        "xml2js": "^0.5.0"
      },
      "dependencies": {
        "xml2js": {
          "version": "0.5.0",
          "resolved": "https://registry.npmjs.org/xml2js/-/xml2js-0.5.0.tgz",
          "integrity": "sha512-drPFnkQJik/O+uPKpqSgr22mpuFHqKdbS835iAQrUC73L2F5WkboIRd63ai/2Yg6I1jzifPFKH2NTK+cfglkIA==",
          "requires": {
            "sax": ">=0.6.0",
            "xmlbuilder": "~11.0.0"
          }
        }
      }
    },
    "sax": {
      "version": "file:node_modules/_sax@1.3.0@sax"
    },
    "xml2js": {
      "version": "file:node_modules/_xml2js@0.6.2@xml2js",
      "requires": {
        "sax": ">=0.6.0",
        "xmlbuilder": "~11.0.0"
      },
      "dependencies": {
        "sax": {
          "version": "file:node_modules/_sax@1.3.0@sax"
        },
        "xmlbuilder": {
          "version": "file:node_modules/_xmlbuilder@11.0.1@xmlbuilder"
        }
      }
    },
    "xmlbuilder": {
      "version": "file:node_modules/_xmlbuilder@11.0.1@xmlbuilder"
    }
  }
}
